
Microsoft Visual Studio Solution File, Format Version 12.00
# Visual Studio 14
VisualStudioVersion = 14.0.25420.1
MinimumVisualStudioVersion = 10.0.40219.1
Project("{FAE04EC0-301F-11D3-BF4B-00C04F79EFBC}") = "UmbracoGAEventTracking", "UmbracoGAEventTracking\UmbracoGAEventTracking.csproj", "{DC2AFA87-A57C-4764-AFBA-9A9BF34DBD7C}"
EndProject
Project("{FAE04EC0-301F-11D3-BF4B-00C04F79EFBC}") = "Demo", "Demo\Demo.csproj", "{6D9D4736-1186-4B12-B4CE-60C5B960A925}"
EndProject
Global
	GlobalSection(SolutionConfigurationPlatforms) = preSolution
		Debug|Any CPU = Debug|Any CPU
		Release|Any CPU = Release|Any CPU
	EndGlobalSection
	GlobalSection(ProjectConfigurationPlatforms) = postSolution
		{DC2AFA87-A57C-4764-AFBA-9A9BF34DBD7C}.Debug|Any CPU.ActiveCfg = Debug|Any CPU
		{DC2AFA87-A57C-4764-AFBA-9A9BF34DBD7C}.Debug|Any CPU.Build.0 = Debug|Any CPU
		{DC2AFA87-A57C-4764-AFBA-9A9BF34DBD7C}.Release|Any CPU.ActiveCfg = Release|Any CPU
		{DC2AFA87-A57C-4764-AFBA-9A9BF34DBD7C}.Release|Any CPU.Build.0 = Release|Any CPU
		{6D9D4736-1186-4B12-B4CE-60C5B960A925}.Debug|Any CPU.ActiveCfg = Debug|Any CPU
		{6D9D4736-1186-4B12-B4CE-60C5B960A925}.Debug|Any CPU.Build.0 = Debug|Any CPU
		{6D9D4736-1186-4B12-B4CE-60C5B960A925}.Release|Any CPU.ActiveCfg = Release|Any CPU
		{6D9D4736-1186-4B12-B4CE-60C5B960A925}.Release|Any CPU.Build.0 = Release|Any CPU
	EndGlobalSection
	GlobalSection(SolutionProperties) = preSolution
		HideSolutionNode = FALSE
	EndGlobalSection
EndGlobal
